// !$*UTF8*$!
{
	archiveVersion = 1;
	classes = {
	};
	objectVersion = 50;
	objects = {

/* Begin PBXBuildFile section */
		5A4D839A263CE4E900B871FA /* ListInputView.swift in Sources */ = {isa = PBXBuildFile; fileRef = 5A4D8399263CE4E900B871FA /* ListInputView.swift */; };
		5A4D839D263CE6F500B871FA /* SortResultsView.swift in Sources */ = {isa = PBXBuildFile; fileRef = 5A4D839C263CE6F500B871FA /* SortResultsView.swift */; };
		5A4D83A2263CEA4100B871FA /* SortVisualizerViewModel.swift in Sources */ = {isa = PBXBuildFile; fileRef = 5A4D83A1263CEA4100B871FA /* SortVisualizerViewModel.swift */; };
		5A4D83A6263CED8000B871FA /* Array+Sort.swift in Sources */ = {isa = PBXBuildFile; fileRef = 5A4D83A5263CED8000B871FA /* Array+Sort.swift */; };
		5A4D83B0263F55A800B871FA /* SelectionSortTests.swift in Sources */ = {isa = PBXBuildFile; fileRef = 5A4D83AF263F55A800B871FA /* SelectionSortTests.swift */; };
		5A4D83C0263F6D5D00B871FA /* ListToStringTests.swift in Sources */ = {isa = PBXBuildFile; fileRef = 5A4D83BF263F6D5D00B871FA /* ListToStringTests.swift */; };
		5A4D83CA263F6DF700B871FA /* Array+DisplayText.swift in Sources */ = {isa = PBXBuildFile; fileRef = 5A4D83C9263F6DF700B871FA /* Array+DisplayText.swift */; };
		5A4D83D2263F6FF000B871FA /* InsertionSortTests.swift in Sources */ = {isa = PBXBuildFile; fileRef = 5A4D83D1263F6FF000B871FA /* InsertionSortTests.swift */; };
		5AA7450D263CD88200E74021 /* SortVisualizerApp.swift in Sources */ = {isa = PBXBuildFile; fileRef = 5AA7450C263CD88200E74021 /* SortVisualizerApp.swift */; };
		5AA7450F263CD88200E74021 /* SortVisualizerView.swift in Sources */ = {isa = PBXBuildFile; fileRef = 5AA7450E263CD88200E74021 /* SortVisualizerView.swift */; };
		5AA74511263CD88600E74021 /* Assets.xcassets in Resources */ = {isa = PBXBuildFile; fileRef = 5AA74510263CD88600E74021 /* Assets.xcassets */; };
		5AA74514263CD88600E74021 /* Preview Assets.xcassets in Resources */ = {isa = PBXBuildFile; fileRef = 5AA74513263CD88600E74021 /* Preview Assets.xcassets */; };
/* End PBXBuildFile section */

/* Begin PBXContainerItemProxy section */
		5A4D83B2263F55A800B871FA /* PBXContainerItemProxy */ = {
			isa = PBXContainerItemProxy;
			containerPortal = 5AA74501263CD88100E74021 /* Project object */;
			proxyType = 1;
			remoteGlobalIDString = 5AA74508263CD88100E74021;
			remoteInfo = SortVisualizer;
		};
/* End PBXContainerItemProxy section */

/* Begin PBXFileReference section */
		5A4D8399263CE4E900B871FA /* ListInputView.swift */ = {isa = PBXFileReference; lastKnownFileType = sourcecode.swift; path = ListInputView.swift; sourceTree = "<group>"; };
		5A4D839C263CE6F500B871FA /* SortResultsView.swift */ = {isa = PBXFileReference; lastKnownFileType = sourcecode.swift; path = SortResultsView.swift; sourceTree = "<group>"; };
		5A4D83A1263CEA4100B871FA /* SortVisualizerViewModel.swift */ = {isa = PBXFileReference; lastKnownFileType = sourcecode.swift; path = SortVisualizerViewModel.swift; sourceTree = "<group>"; };
		5A4D83A5263CED8000B871FA /* Array+Sort.swift */ = {isa = PBXFileReference; lastKnownFileType = sourcecode.swift; path = "Array+Sort.swift"; sourceTree = "<group>"; };
		5A4D83AD263F55A800B871FA /* SortVisualizerTests.xctest */ = {isa = PBXFileReference; explicitFileType = wrapper.cfbundle; includeInIndex = 0; path = SortVisualizerTests.xctest; sourceTree = BUILT_PRODUCTS_DIR; };
		5A4D83AF263F55A800B871FA /* SelectionSortTests.swift */ = {isa = PBXFileReference; lastKnownFileType = sourcecode.swift; path = SelectionSortTests.swift; sourceTree = "<group>"; };
		5A4D83B1263F55A800B871FA /* Info.plist */ = {isa = PBXFileReference; lastKnownFileType = text.plist.xml; path = Info.plist; sourceTree = "<group>"; };
		5A4D83BF263F6D5D00B871FA /* ListToStringTests.swift */ = {isa = PBXFileReference; lastKnownFileType = sourcecode.swift; path = ListToStringTests.swift; sourceTree = "<group>"; };
		5A4D83C9263F6DF700B871FA /* Array+DisplayText.swift */ = {isa = PBXFileReference; lastKnownFileType = sourcecode.swift; path = "Array+DisplayText.swift"; sourceTree = "<group>"; };
		5A4D83D1263F6FF000B871FA /* InsertionSortTests.swift */ = {isa = PBXFileReference; lastKnownFileType = sourcecode.swift; path = InsertionSortTests.swift; sourceTree = "<group>"; };
		5AA74509263CD88100E74021 /* SortVisualizer.app */ = {isa = PBXFileReference; explicitFileType = wrapper.application; includeInIndex = 0; path = SortVisualizer.app; sourceTree = BUILT_PRODUCTS_DIR; };
		5AA7450C263CD88200E74021 /* SortVisualizerApp.swift */ = {isa = PBXFileReference; lastKnownFileType = sourcecode.swift; path = SortVisualizerApp.swift; sourceTree = "<group>"; };
		5AA7450E263CD88200E74021 /* SortVisualizerView.swift */ = {isa = PBXFileReference; lastKnownFileType = sourcecode.swift; path = SortVisualizerView.swift; sourceTree = "<group>"; };
		5AA74510263CD88600E74021 /* Assets.xcassets */ = {isa = PBXFileReference; lastKnownFileType = folder.assetcatalog; path = Assets.xcassets; sourceTree = "<group>"; };
		5AA74513263CD88600E74021 /* Preview Assets.xcassets */ = {isa = PBXFileReference; lastKnownFileType = folder.assetcatalog; path = "Preview Assets.xcassets"; sourceTree = "<group>"; };
		5AA74515263CD88600E74021 /* Info.plist */ = {isa = PBXFileReference; lastKnownFileType = text.plist.xml; path = Info.plist; sourceTree = "<group>"; };
		5AA74516263CD88600E74021 /* SortVisualizer.entitlements */ = {isa = PBXFileReference; lastKnownFileType = text.plist.entitlements; path = SortVisualizer.entitlements; sourceTree = "<group>"; };
/* End PBXFileReference section */

/* Begin PBXFrameworksBuildPhase section */
		5A4D83AA263F55A800B871FA /* Frameworks */ = {
			isa = PBXFrameworksBuildPhase;
			buildActionMask = 2147483647;
			files = (
			);
			runOnlyForDeploymentPostprocessing = 0;
		};
		5AA74506263CD88100E74021 /* Frameworks */ = {
			isa = PBXFrameworksBuildPhase;
			buildActionMask = 2147483647;
			files = (
			);
			runOnlyForDeploymentPostprocessing = 0;
		};
/* End PBXFrameworksBuildPhase section */

/* Begin PBXGroup section */
		5A4D83AE263F55A800B871FA /* SortVisualizerTests */ = {
			isa = PBXGroup;
			children = (
				5A4D83AF263F55A800B871FA /* SelectionSortTests.swift */,
				5A4D83D1263F6FF000B871FA /* InsertionSortTests.swift */,
				5A4D83BF263F6D5D00B871FA /* ListToStringTests.swift */,
				5A4D83B1263F55A800B871FA /* Info.plist */,
			);
			path = SortVisualizerTests;
			sourceTree = "<group>";
		};
		5AA74500263CD88100E74021 = {
			isa = PBXGroup;
			children = (
				5AA7450B263CD88200E74021 /* SortVisualizer */,
				5A4D83AE263F55A800B871FA /* SortVisualizerTests */,
				5AA7450A263CD88100E74021 /* Products */,
			);
			sourceTree = "<group>";
		};
		5AA7450A263CD88100E74021 /* Products */ = {
			isa = PBXGroup;
			children = (
				5AA74509263CD88100E74021 /* SortVisualizer.app */,
				5A4D83AD263F55A800B871FA /* SortVisualizerTests.xctest */,
			);
			name = Products;
			sourceTree = "<group>";
		};
		5AA7450B263CD88200E74021 /* SortVisualizer */ = {
			isa = PBXGroup;
			children = (
				5AA7450C263CD88200E74021 /* SortVisualizerApp.swift */,
				5AA7450E263CD88200E74021 /* SortVisualizerView.swift */,
				5A4D8399263CE4E900B871FA /* ListInputView.swift */,
				5A4D839C263CE6F500B871FA /* SortResultsView.swift */,
				5A4D83A1263CEA4100B871FA /* SortVisualizerViewModel.swift */,
				5A4D83A5263CED8000B871FA /* Array+Sort.swift */,
				5A4D83C9263F6DF700B871FA /* Array+DisplayText.swift */,
				5AA74510263CD88600E74021 /* Assets.xcassets */,
				5AA74515263CD88600E74021 /* Info.plist */,
				5AA74516263CD88600E74021 /* SortVisualizer.entitlements */,
				5AA74512263CD88600E74021 /* Preview Content */,
			);
			path = SortVisualizer;
			sourceTree = "<group>";
		};
		5AA74512263CD88600E74021 /* Preview Content */ = {
			isa = PBXGroup;
			children = (
				5AA74513263CD88600E74021 /* Preview Assets.xcassets */,
			);
			path = "Preview Content";
			sourceTree = "<group>";
		};
/* End PBXGroup section */

/* Begin PBXNativeTarget section */
		5A4D83AC263F55A800B871FA /* SortVisualizerTests */ = {
			isa = PBXNativeTarget;
			buildConfigurationList = 5A4D83B4263F55A800B871FA /* Build configuration list for PBXNativeTarget "SortVisualizerTests" */;
			buildPhases = (
				5A4D83A9263F55A800B871FA /* Sources */,
				5A4D83AA263F55A800B871FA /* Frameworks */,
				5A4D83AB263F55A800B871FA /* Resources */,
			);
			buildRules = (
			);
			dependencies = (
				5A4D83B3263F55A800B871FA /* PBXTargetDependency */,
			);
			name = SortVisualizerTests;
			productName = SortVisualizerTests;
			productReference = 5A4D83AD263F55A800B871FA /* SortVisualizerTests.xctest */;
			productType = "com.apple.product-type.bundle.unit-test";
		};
		5AA74508263CD88100E74021 /* SortVisualizer */ = {
			isa = PBXNativeTarget;
			buildConfigurationList = 5AA74519263CD88600E74021 /* Build configuration list for PBXNativeTarget "SortVisualizer" */;
			buildPhases = (
				5AA74505263CD88100E74021 /* Sources */,
				5AA74506263CD88100E74021 /* Frameworks */,
				5AA74507263CD88100E74021 /* Resources */,
			);
			buildRules = (
			);
			dependencies = (
			);
			name = SortVisualizer;
			productName = SortVisualizer;
			productReference = 5AA74509263CD88100E74021 /* SortVisualizer.app */;
			productType = "com.apple.product-type.application";
		};
/* End PBXNativeTarget section */

/* Begin PBXProject section */
		5AA74501263CD88100E74021 /* Project object */ = {
			isa = PBXProject;
			attributes = {
				LastSwiftUpdateCheck = 1240;
				LastUpgradeCheck = 1240;
				TargetAttributes = {
					5A4D83AC263F55A800B871FA = {
						CreatedOnToolsVersion = 12.4;
						TestTargetID = 5AA74508263CD88100E74021;
					};
					5AA74508263CD88100E74021 = {
						CreatedOnToolsVersion = 12.4;
					};
				};
			};
			buildConfigurationList = 5AA74504263CD88100E74021 /* Build configuration list for PBXProject "SortVisualizer" */;
			compatibilityVersion = "Xcode 9.3";
			developmentRegion = en;
			hasScannedForEncodings = 0;
			knownRegions = (
				en,
				Base,
			);
			mainGroup = 5AA74500263CD88100E74021;
			productRefGroup = 5AA7450A263CD88100E74021 /* Products */;
			projectDirPath = "";
			projectRoot = "";
			targets = (
				5AA74508263CD88100E74021 /* SortVisualizer */,
				5A4D83AC263F55A800B871FA /* SortVisualizerTests */,
			);
		};
/* End PBXProject section */

/* Begin PBXResourcesBuildPhase section */
		5A4D83AB263F55A800B871FA /* Resources */ = {
			isa = PBXResourcesBuildPhase;
			buildActionMask = 2147483647;
			files = (
			);
			runOnlyForDeploymentPostprocessing = 0;
		};
		5AA74507263CD88100E74021 /* Resources */ = {
			isa = PBXResourcesBuildPhase;
			buildActionMask = 2147483647;
			files = (
				5AA74514263CD88600E74021 /* Preview Assets.xcassets in Resources */,
				5AA74511263CD88600E74021 /* Assets.xcassets in Resources */,
			);
			runOnlyForDeploymentPostprocessing = 0;
		};
/* End PBXResourcesBuildPhase section */

/* Begin PBXSourcesBuildPhase section */
		5A4D83A9263F55A800B871FA /* Sources */ = {
			isa = PBXSourcesBuildPhase;
			buildActionMask = 2147483647;
			files = (
				5A4D83C0263F6D5D00B871FA /* ListToStringTests.swift in Sources */,
				5A4D83B0263F55A800B871FA /* SelectionSortTests.swift in Sources */,
				5A4D83D2263F6FF000B871FA /* InsertionSortTests.swift in Sources */,
			);
			runOnlyForDeploymentPostprocessing = 0;
		};
		5AA74505263CD88100E74021 /* Sources */ = {
			isa = PBXSourcesBuildPhase;
			buildActionMask = 2147483647;
			files = (
				5AA7450F263CD88200E74021 /* SortVisualizerView.swift in Sources */,
				5A4D83CA263F6DF700B871FA /* Array+DisplayText.swift in Sources */,
				5A4D839D263CE6F500B871FA /* SortResultsView.swift in Sources */,
				5A4D83A2263CEA4100B871FA /* SortVisualizerViewModel.swift in Sources */,
				5A4D83A6263CED8000B871FA /* Array+Sort.swift in Sources */,
				5AA7450D263CD88200E74021 /* SortVisualizerApp.swift in Sources */,
				5A4D839A263CE4E900B871FA /* ListInputView.swift in Sources */,
			);
			runOnlyForDeploymentPostprocessing = 0;
		};
/* End PBXSourcesBuildPhase section */

/* Begin PBXTargetDependency section */
		5A4D83B3263F55A800B871FA /* PBXTargetDependency */ = {
			isa = PBXTargetDependency;
			target = 5AA74508263CD88100E74021 /* SortVisualizer */;
			targetProxy = 5A4D83B2263F55A800B871FA /* PBXContainerItemProxy */;
		};
/* End PBXTargetDependency section */

/* Begin XCBuildConfiguration section */
		5A4D83B5263F55A800B871FA /* Debug */ = {
			isa = XCBuildConfiguration;
			buildSettings = {
				BUNDLE_LOADER = "$(TEST_HOST)";
				CODE_SIGN_STYLE = Automatic;
				COMBINE_HIDPI_IMAGES = YES;
				DEVELOPMENT_TEAM = 8Y5X4LQQ8S;
				INFOPLIST_FILE = SortVisualizerTests/Info.plist;
				LD_RUNPATH_SEARCH_PATHS = (
					"$(inherited)",
					"@executable_path/../Frameworks",
					"@loader_path/../Frameworks",
				);
				PRODUCT_BUNDLE_IDENTIFIER = tiago.lopes.SortVisualizerTests;
				PRODUCT_NAME = "$(TARGET_NAME)";
				SWIFT_VERSION = 5.0;
				TEST_HOST = "$(BUILT_PRODUCTS_DIR)/SortVisualizer.app/Contents/MacOS/SortVisualizer";
			};
			name = Debug;
		};
		5A4D83B6263F55A800B871FA /* Release */ = {
			isa = XCBuildConfiguration;
			buildSettings = {
				BUNDLE_LOADER = "$(TEST_HOST)";
				CODE_SIGN_STYLE = Automatic;
				COMBINE_HIDPI_IMAGES = YES;
				DEVELOPMENT_TEAM = 8Y5X4LQQ8S;
				INFOPLIST_FILE = SortVisualizerTests/Info.plist;
				LD_RUNPATH_SEARCH_PATHS = (
					"$(inherited)",
					"@executable_path/../Frameworks",
					"@loader_path/../Frameworks",
				);
				PRODUCT_BUNDLE_IDENTIFIER = tiago.lopes.SortVisualizerTests;
				PRODUCT_NAME = "$(TARGET_NAME)";
				SWIFT_VERSION = 5.0;
				TEST_HOST = "$(BUILT_PRODUCTS_DIR)/SortVisualizer.app/Contents/MacOS/SortVisualizer";
			};
			name = Release;
		};
		5AA74517263CD88600E74021 /* Debug */ = {
			isa = XCBuildConfiguration;
			buildSettings = {
				ALWAYS_SEARCH_USER_PATHS = NO;
				CLANG_ANALYZER_NONNULL = YES;
				CLANG_ANALYZER_NUMBER_OBJECT_CONVERSION = YES_AGGRESSIVE;
				CLANG_CXX_LANGUAGE_STANDARD = "gnu++14";
				CLANG_CXX_LIBRARY = "libc++";
				CLANG_ENABLE_MODULES = YES;
				CLANG_ENABLE_OBJC_ARC = YES;
				CLANG_ENABLE_OBJC_WEAK = YES;
				CLANG_WARN_BLOCK_CAPTURE_AUTORELEASING = YES;
				CLANG_WARN_BOOL_CONVERSION = YES;
				CLANG_WARN_COMMA = YES;
				CLANG_WARN_CONSTANT_CONVERSION = YES;
				CLANG_WARN_DEPRECATED_OBJC_IMPLEMENTATIONS = YES;
				CLANG_WARN_DIRECT_OBJC_ISA_USAGE = YES_ERROR;
				CLANG_WARN_DOCUMENTATION_COMMENTS = YES;
				CLANG_WARN_EMPTY_BODY = YES;
				CLANG_WARN_ENUM_CONVERSION = YES;
				CLANG_WARN_INFINITE_RECURSION = YES;
				CLANG_WARN_INT_CONVERSION = YES;
				CLANG_WARN_NON_LITERAL_NULL_CONVERSION = YES;
				CLANG_WARN_OBJC_IMPLICIT_RETAIN_SELF = YES;
				CLANG_WARN_OBJC_LITERAL_CONVERSION = YES;
				CLANG_WARN_OBJC_ROOT_CLASS = YES_ERROR;
				CLANG_WARN_QUOTED_INCLUDE_IN_FRAMEWORK_HEADER = YES;
				CLANG_WARN_RANGE_LOOP_ANALYSIS = YES;
				CLANG_WARN_STRICT_PROTOTYPES = YES;
				CLANG_WARN_SUSPICIOUS_MOVE = YES;
				CLANG_WARN_UNGUARDED_AVAILABILITY = YES_AGGRESSIVE;
				CLANG_WARN_UNREACHABLE_CODE = YES;
				CLANG_WARN__DUPLICATE_METHOD_MATCH = YES;
				COPY_PHASE_STRIP = NO;
				DEBUG_INFORMATION_FORMAT = dwarf;
				ENABLE_STRICT_OBJC_MSGSEND = YES;
				ENABLE_TESTABILITY = YES;
				GCC_C_LANGUAGE_STANDARD = gnu11;
				GCC_DYNAMIC_NO_PIC = NO;
				GCC_NO_COMMON_BLOCKS = YES;
				GCC_OPTIMIZATION_LEVEL = 0;
				GCC_PREPROCESSOR_DEFINITIONS = (
					"DEBUG=1",
					"$(inherited)",
				);
				GCC_WARN_64_TO_32_BIT_CONVERSION = YES;
				GCC_WARN_ABOUT_RETURN_TYPE = YES_ERROR;
				GCC_WARN_UNDECLARED_SELECTOR = YES;
				GCC_WARN_UNINITIALIZED_AUTOS = YES_AGGRESSIVE;
				GCC_WARN_UNUSED_FUNCTION = YES;
				GCC_WARN_UNUSED_VARIABLE = YES;
				MACOSX_DEPLOYMENT_TARGET = 11.1;
				MTL_ENABLE_DEBUG_INFO = INCLUDE_SOURCE;
				MTL_FAST_MATH = YES;
				ONLY_ACTIVE_ARCH = YES;
				SDKROOT = macosx;
				SWIFT_ACTIVE_COMPILATION_CONDITIONS = DEBUG;
				SWIFT_OPTIMIZATION_LEVEL = "-Onone";
			};
			name = Debug;
		};
		5AA74518263CD88600E74021 /* Release */ = {
			isa = XCBuildConfiguration;
			buildSettings = {
				ALWAYS_SEARCH_USER_PATHS = NO;
				CLANG_ANALYZER_NONNULL = YES;
				CLANG_ANALYZER_NUMBER_OBJECT_CONVERSION = YES_AGGRESSIVE;
				CLANG_CXX_LANGUAGE_STANDARD = "gnu++14";
				CLANG_CXX_LIBRARY = "libc++";
				CLANG_ENABLE_MODULES = YES;
				CLANG_ENABLE_OBJC_ARC = YES;
				CLANG_ENABLE_OBJC_WEAK = YES;
				CLANG_WARN_BLOCK_CAPTURE_AUTORELEASING = YES;
				CLANG_WARN_BOOL_CONVERSION = YES;
				CLANG_WARN_COMMA = YES;
				CLANG_WARN_CONSTANT_CONVERSION = YES;
				CLANG_WARN_DEPRECATED_OBJC_IMPLEMENTATIONS = YES;
				CLANG_WARN_DIRECT_OBJC_ISA_USAGE = YES_ERROR;
				CLANG_WARN_DOCUMENTATION_COMMENTS = YES;
				CLANG_WARN_EMPTY_BODY = YES;
				CLANG_WARN_ENUM_CONVERSION = YES;
				CLANG_WARN_INFINITE_RECURSION = YES;
				CLANG_WARN_INT_CONVERSION = YES;
				CLANG_WARN_NON_LITERAL_NULL_CONVERSION = YES;
				CLANG_WARN_OBJC_IMPLICIT_RETAIN_SELF = YES;
				CLANG_WARN_OBJC_LITERAL_CONVERSION = YES;
				CLANG_WARN_OBJC_ROOT_CLASS = YES_ERROR;
				CLANG_WARN_QUOTED_INCLUDE_IN_FRAMEWORK_HEADER = YES;
				CLANG_WARN_RANGE_LOOP_ANALYSIS = YES;
				CLANG_WARN_STRICT_PROTOTYPES = YES;
				CLANG_WARN_SUSPICIOUS_MOVE = YES;
				CLANG_WARN_UNGUARDED_AVAILABILITY = YES_AGGRESSIVE;
				CLANG_WARN_UNREACHABLE_CODE = YES;
				CLANG_WARN__DUPLICATE_METHOD_MATCH = YES;
				COPY_PHASE_STRIP = NO;
				DEBUG_INFORMATION_FORMAT = "dwarf-with-dsym";
				ENABLE_NS_ASSERTIONS = NO;
				ENABLE_STRICT_OBJC_MSGSEND = YES;
				GCC_C_LANGUAGE_STANDARD = gnu11;
				GCC_NO_COMMON_BLOCKS = YES;
				GCC_WARN_64_TO_32_BIT_CONVERSION = YES;
				GCC_WARN_ABOUT_RETURN_TYPE = YES_ERROR;
				GCC_WARN_UNDECLARED_SELECTOR = YES;
				GCC_WARN_UNINITIALIZED_AUTOS = YES_AGGRESSIVE;
				GCC_WARN_UNUSED_FUNCTION = YES;
				GCC_WARN_UNUSED_VARIABLE = YES;
				MACOSX_DEPLOYMENT_TARGET = 11.1;
				MTL_ENABLE_DEBUG_INFO = NO;
				MTL_FAST_MATH = YES;
				SDKROOT = macosx;
				SWIFT_COMPILATION_MODE = wholemodule;
				SWIFT_OPTIMIZATION_LEVEL = "-O";
			};
			name = Release;
		};
		5AA7451A263CD88600E74021 /* Debug */ = {
			isa = XCBuildConfiguration;
			buildSettings = {
				ASSETCATALOG_COMPILER_APPICON_NAME = AppIcon;
				ASSETCATALOG_COMPILER_GLOBAL_ACCENT_COLOR_NAME = AccentColor;
				CODE_SIGN_ENTITLEMENTS = SortVisualizer/SortVisualizer.entitlements;
				CODE_SIGN_STYLE = Automatic;
				COMBINE_HIDPI_IMAGES = YES;
				DEVELOPMENT_ASSET_PATHS = "\"SortVisualizer/Preview Content\"";
				DEVELOPMENT_TEAM = 8Y5X4LQQ8S;
				ENABLE_HARDENED_RUNTIME = YES;
				ENABLE_PREVIEWS = YES;
				INFOPLIST_FILE = SortVisualizer/Info.plist;
				LD_RUNPATH_SEARCH_PATHS = (
					"$(inherited)",
					"@executable_path/../Frameworks",
				);
				MACOSX_DEPLOYMENT_TARGET = 11.0;
				PRODUCT_BUNDLE_IDENTIFIER = tiago.lopes.SortVisualizer;
				PRODUCT_NAME = "$(TARGET_NAME)";
				SWIFT_VERSION = 5.0;
			};
			name = Debug;
		};
		5AA7451B263CD88600E74021 /* Release */ = {
			isa = XCBuildConfiguration;
			buildSettings = {
				ASSETCATALOG_COMPILER_APPICON_NAME = AppIcon;
				ASSETCATALOG_COMPILER_GLOBAL_ACCENT_COLOR_NAME = AccentColor;
				CODE_SIGN_ENTITLEMENTS = SortVisualizer/SortVisualizer.entitlements;
				CODE_SIGN_STYLE = Automatic;
				COMBINE_HIDPI_IMAGES = YES;
				DEVELOPMENT_ASSET_PATHS = "\"SortVisualizer/Preview Content\"";
				DEVELOPMENT_TEAM = 8Y5X4LQQ8S;
				ENABLE_HARDENED_RUNTIME = YES;
				ENABLE_PREVIEWS = YES;
				INFOPLIST_FILE = SortVisualizer/Info.plist;
				LD_RUNPATH_SEARCH_PATHS = (
					"$(inherited)",
					"@executable_path/../Frameworks",
				);
				MACOSX_DEPLOYMENT_TARGET = 11.0;
				PRODUCT_BUNDLE_IDENTIFIER = tiago.lopes.SortVisualizer;
				PRODUCT_NAME = "$(TARGET_NAME)";
				SWIFT_VERSION = 5.0;
			};
			name = Release;
		};
/* End XCBuildConfiguration section */

/* Begin XCConfigurationList section */
		5A4D83B4263F55A800B871FA /* Build configuration list for PBXNativeTarget "SortVisualizerTests" */ = {
			isa = XCConfigurationList;
			buildConfigurations = (
				5A4D83B5263F55A800B871FA /* Debug */,
				5A4D83B6263F55A800B871FA /* Release */,
			);
			defaultConfigurationIsVisible = 0;
			defaultConfigurationName = Release;
		};
		5AA74504263CD88100E74021 /* Build configuration list for PBXProject "SortVisualizer" */ = {
			isa = XCConfigurationList;
			buildConfigurations = (
				5AA74517263CD88600E74021 /* Debug */,
				5AA74518263CD88600E74021 /* Release */,
			);
			defaultConfigurationIsVisible = 0;
			defaultConfigurationName = Release;
		};
		5AA74519263CD88600E74021 /* Build configuration list for PBXNativeTarget "SortVisualizer" */ = {
			isa = XCConfigurationList;
			buildConfigurations = (
				5AA7451A263CD88600E74021 /* Debug */,
				5AA7451B263CD88600E74021 /* Release */,
			);
			defaultConfigurationIsVisible = 0;
			defaultConfigurationName = Release;
		};
/* End XCConfigurationList section */
	};
	rootObject = 5AA74501263CD88100E74021 /* Project object */;
}
